
Microsoft Visual Studio Solution File, Format Version 12.00
# Visual Studio Version 17
VisualStudioVersion = 17.7.34003.232
MinimumVisualStudioVersion = 10.0.40219.1
Project("{FAE04EC0-301F-11D3-BF4B-00C04F79EFBC}") = "Menschenrenner", "Menschenrenner.csproj", "{EC67CEAF-ABE1-486C-B81C-4CE7411EA717}"
EndProject
Global
	GlobalSection(SolutionConfigurationPlatforms) = preSolution
		Debug|Any CPU = Debug|Any CPU
		Release|Any CPU = Release|Any CPU
	EndGlobalSection
	GlobalSection(ProjectConfigurationPlatforms) = postSolution
		{EC67CEAF-ABE1-486C-B81C-4CE7411EA717}.Debug|Any CPU.ActiveCfg = Debug|Any CPU
		{EC67CEAF-ABE1-486C-B81C-4CE7411EA717}.Debug|Any CPU.Build.0 = Debug|Any CPU
		{EC67CEAF-ABE1-486C-B81C-4CE7411EA717}.Release|Any CPU.ActiveCfg = Release|Any CPU
		{EC67CEAF-ABE1-486C-B81C-4CE7411EA717}.Release|Any CPU.Build.0 = Release|Any CPU
	EndGlobalSection
	GlobalSection(SolutionProperties) = preSolution
		HideSolutionNode = FALSE
	EndGlobalSection
	GlobalSection(ExtensibilityGlobals) = postSolution
		SolutionGuid = {D7612EE7-B172-4B4D-9915-A31A1B2F09B7}
	EndGlobalSection
EndGlobal
